
Microsoft Visual Studio Solution File, Format Version 12.00
# Visual Studio Version 17
VisualStudioVersion = 17.8.34330.188
MinimumVisualStudioVersion = 10.0.40219.1
Project("{FAE04EC0-301F-11D3-BF4B-00C04F79EFBC}") = "konsola", "konsola\konsola.csproj", "{709A638C-9ECB-4C65-AFE5-5290ED6D5E78}"
EndProject
Project("{FAE04EC0-301F-11D3-BF4B-00C04F79EFBC}") = "AlbumReaderTest", "AlbumReaderTest\AlbumReaderTest.csproj", "{4F241891-8C25-4A49-971C-49B13B90A87B}"
EndProject
Global
	GlobalSection(SolutionConfigurationPlatforms) = preSolution
		Debug|Any CPU = Debug|Any CPU
		Release|Any CPU = Release|Any CPU
	EndGlobalSection
	GlobalSection(ProjectConfigurationPlatforms) = postSolution
		{709A638C-9ECB-4C65-AFE5-5290ED6D5E78}.Debug|Any CPU.ActiveCfg = Debug|Any CPU
		{709A638C-9ECB-4C65-AFE5-5290ED6D5E78}.Debug|Any CPU.Build.0 = Debug|Any CPU
		{709A638C-9ECB-4C65-AFE5-5290ED6D5E78}.Release|Any CPU.ActiveCfg = Release|Any CPU
		{709A638C-9ECB-4C65-AFE5-5290ED6D5E78}.Release|Any CPU.Build.0 = Release|Any CPU
		{4F241891-8C25-4A49-971C-49B13B90A87B}.Debug|Any CPU.ActiveCfg = Debug|Any CPU
		{4F241891-8C25-4A49-971C-49B13B90A87B}.Debug|Any CPU.Build.0 = Debug|Any CPU
		{4F241891-8C25-4A49-971C-49B13B90A87B}.Release|Any CPU.ActiveCfg = Release|Any CPU
		{4F241891-8C25-4A49-971C-49B13B90A87B}.Release|Any CPU.Build.0 = Release|Any CPU
	EndGlobalSection
	GlobalSection(SolutionProperties) = preSolution
		HideSolutionNode = FALSE
	EndGlobalSection
	GlobalSection(ExtensibilityGlobals) = postSolution
		SolutionGuid = {06C60052-5B91-4160-BFC9-E29C7E5E5861}
	EndGlobalSection
EndGlobal
